
Microsoft Visual Studio Solution File, Format Version 12.00
# Visual Studio Version 16
VisualStudioVersion = 16.0.28917.181
MinimumVisualStudioVersion = 10.0.40219.1
Project("{9A19103F-16F7-4668-BE54-9A1E7A4F7556}") = "Proba", "Proba.Client\Proba.csproj", "{B697FA7D-5E3A-48B2-933F-463267D7E08E}"
EndProject
Project("{9A19103F-16F7-4668-BE54-9A1E7A4F7556}") = "Proba.Server", "Proba.Server\Proba.Server.csproj", "{345EDBC3-D7BB-4604-A9F0-72AACF791ADA}"
EndProject
Project("{2150E333-8FDC-42A3-9474-1A3956D46DE8}") = "Solution Items", "Solution Items", "{B5AD6F5D-0EC4-4A30-92D8-A828D4083F54}"
	ProjectSection(SolutionItems) = preProject
		README.md = README.md
	EndProjectSection
EndProject
Global
	GlobalSection(SolutionConfigurationPlatforms) = preSolution
		Debug|Any CPU = Debug|Any CPU
		Release|Any CPU = Release|Any CPU
	EndGlobalSection
	GlobalSection(ProjectConfigurationPlatforms) = postSolution
		{B697FA7D-5E3A-48B2-933F-463267D7E08E}.Debug|Any CPU.ActiveCfg = Debug|Any CPU
		{B697FA7D-5E3A-48B2-933F-463267D7E08E}.Debug|Any CPU.Build.0 = Debug|Any CPU
		{B697FA7D-5E3A-48B2-933F-463267D7E08E}.Release|Any CPU.ActiveCfg = Release|Any CPU
		{B697FA7D-5E3A-48B2-933F-463267D7E08E}.Release|Any CPU.Build.0 = Release|Any CPU
		{345EDBC3-D7BB-4604-A9F0-72AACF791ADA}.Debug|Any CPU.ActiveCfg = Debug|Any CPU
		{345EDBC3-D7BB-4604-A9F0-72AACF791ADA}.Debug|Any CPU.Build.0 = Debug|Any CPU
		{345EDBC3-D7BB-4604-A9F0-72AACF791ADA}.Release|Any CPU.ActiveCfg = Release|Any CPU
		{345EDBC3-D7BB-4604-A9F0-72AACF791ADA}.Release|Any CPU.Build.0 = Release|Any CPU
	EndGlobalSection
	GlobalSection(SolutionProperties) = preSolution
		HideSolutionNode = FALSE
	EndGlobalSection
	GlobalSection(ExtensibilityGlobals) = postSolution
		SolutionGuid = {7B112DCB-E7BD-4DB6-ADEB-253B377CE529}
	EndGlobalSection
EndGlobal
